
Microsoft Visual Studio Solution File, Format Version 12.00
# Visual Studio 14
VisualStudioVersion = 14.0.25420.1
MinimumVisualStudioVersion = 10.0.40219.1
Project("{2150E333-8FDC-42A3-9474-1A3956D46DE8}") = "Feature", "Feature", "{17DD5718-6E13-4F2C-9738-B410396D4552}"
	ProjectSection(SolutionItems) = preProject
		src\Feature\README.md = src\Feature\README.md
	EndProjectSection
EndProject
Project("{2150E333-8FDC-42A3-9474-1A3956D46DE8}") = "Foundation", "Foundation", "{4FDA1DCD-D33E-447E-91C1-F4AE818E2CF0}"
EndProject
Project("{2150E333-8FDC-42A3-9474-1A3956D46DE8}") = "Project", "Project", "{15D97D61-D597-42EC-B7E9-E9EC8130E630}"
EndProject
Project("{2150E333-8FDC-42A3-9474-1A3956D46DE8}") = "Configuration", "Configuration", "{ADCA10F7-A1D2-407B-8074-60418168C02E}"
	ProjectSection(SolutionItems) = preProject
		.editorconfig = .editorconfig
		.gitattributes = .gitattributes
		.gitignore = .gitignore
		nuget.config = nuget.config
		README.md = README.md
	EndProjectSection
EndProject
Project("{2150E333-8FDC-42A3-9474-1A3956D46DE8}") = "Documentation", "Documentation", "{DAFED8F5-6CBD-4384-AAD6-DC3BCCF24911}"
	ProjectSection(SolutionItems) = preProject
		documentation\README.md = documentation\README.md
	EndProjectSection
EndProject
Project("{2150E333-8FDC-42A3-9474-1A3956D46DE8}") = "images", "images", "{D27C83D2-2EAF-4E44-A1ED-2B3C2EBB5854}"
	ProjectSection(SolutionItems) = preProject
		documentation\images\deal-with-it.gif = documentation\images\deal-with-it.gif
		documentation\images\hackathon.png = documentation\images\hackathon.png
	EndProjectSection
EndProject
Project("{2150E333-8FDC-42A3-9474-1A3956D46DE8}") = "XConnectBI", "XConnectBI", "{417E08E6-D8AC-4B89-B097-93A3F76BB09F}"
EndProject
Project("{FAE04EC0-301F-11D3-BF4B-00C04F79EFBC}") = "Hackathon.RedStaffy.XConnectBI", "src\Feature\Hackathon.RedStaffy.XConnectBI\code\Hackathon.RedStaffy.XConnectBI.csproj", "{411768CB-1ABA-43CF-BFF7-5C4DCE9335F1}"
EndProject
Project("{CAA73BB0-EF22-4D79-A57E-DF67B3BA9C80}") = "Hackathon.RedStaffy.XConnectBI.TDS.Master", "src\Feature\Hackathon.RedStaffy.XConnectBI\tds\Hackathon.RedStaffy.XConnectBI.TDS.Master\Hackathon.RedStaffy.XConnectBI.TDS.Master.scproj", "{EA27FA22-17A4-4A10-BE63-49F7755B91C1}"
EndProject
Project("{CAA73BB0-EF22-4D79-A57E-DF67B3BA9C80}") = "Hackathon.RedStaffy.XConnectBI.TDS.Core", "src\Feature\Hackathon.RedStaffy.XConnectBI\tds\Hackathon.RedStaffy.XConnectBI.TDS.Core\Hackathon.RedStaffy.XConnectBI.TDS.Core.scproj", "{B27E8716-BE70-44B7-A0C5-0AC27BA6CFF1}"
EndProject
Global
	GlobalSection(SolutionConfigurationPlatforms) = preSolution
		Debug|Any CPU = Debug|Any CPU
		Release|Any CPU = Release|Any CPU
	EndGlobalSection
	GlobalSection(ProjectConfigurationPlatforms) = postSolution
		{411768CB-1ABA-43CF-BFF7-5C4DCE9335F1}.Debug|Any CPU.ActiveCfg = Debug|Any CPU
		{411768CB-1ABA-43CF-BFF7-5C4DCE9335F1}.Debug|Any CPU.Build.0 = Debug|Any CPU
		{411768CB-1ABA-43CF-BFF7-5C4DCE9335F1}.Release|Any CPU.ActiveCfg = Release|Any CPU
		{411768CB-1ABA-43CF-BFF7-5C4DCE9335F1}.Release|Any CPU.Build.0 = Release|Any CPU
		{EA27FA22-17A4-4A10-BE63-49F7755B91C1}.Debug|Any CPU.ActiveCfg = Debug|Any CPU
		{EA27FA22-17A4-4A10-BE63-49F7755B91C1}.Debug|Any CPU.Build.0 = Debug|Any CPU
		{EA27FA22-17A4-4A10-BE63-49F7755B91C1}.Debug|Any CPU.Deploy.0 = Debug|Any CPU
		{EA27FA22-17A4-4A10-BE63-49F7755B91C1}.Release|Any CPU.ActiveCfg = Release|Any CPU
		{EA27FA22-17A4-4A10-BE63-49F7755B91C1}.Release|Any CPU.Build.0 = Release|Any CPU
		{EA27FA22-17A4-4A10-BE63-49F7755B91C1}.Release|Any CPU.Deploy.0 = Release|Any CPU
		{B27E8716-BE70-44B7-A0C5-0AC27BA6CFF1}.Debug|Any CPU.ActiveCfg = Debug|Any CPU
		{B27E8716-BE70-44B7-A0C5-0AC27BA6CFF1}.Debug|Any CPU.Build.0 = Debug|Any CPU
		{B27E8716-BE70-44B7-A0C5-0AC27BA6CFF1}.Debug|Any CPU.Deploy.0 = Debug|Any CPU
		{B27E8716-BE70-44B7-A0C5-0AC27BA6CFF1}.Release|Any CPU.ActiveCfg = Release|Any CPU
		{B27E8716-BE70-44B7-A0C5-0AC27BA6CFF1}.Release|Any CPU.Build.0 = Release|Any CPU
		{B27E8716-BE70-44B7-A0C5-0AC27BA6CFF1}.Release|Any CPU.Deploy.0 = Release|Any CPU
	EndGlobalSection
	GlobalSection(SolutionProperties) = preSolution
		HideSolutionNode = FALSE
	EndGlobalSection
	GlobalSection(NestedProjects) = preSolution
		{D27C83D2-2EAF-4E44-A1ED-2B3C2EBB5854} = {DAFED8F5-6CBD-4384-AAD6-DC3BCCF24911}
		{417E08E6-D8AC-4B89-B097-93A3F76BB09F} = {17DD5718-6E13-4F2C-9738-B410396D4552}
		{411768CB-1ABA-43CF-BFF7-5C4DCE9335F1} = {417E08E6-D8AC-4B89-B097-93A3F76BB09F}
		{EA27FA22-17A4-4A10-BE63-49F7755B91C1} = {417E08E6-D8AC-4B89-B097-93A3F76BB09F}
		{B27E8716-BE70-44B7-A0C5-0AC27BA6CFF1} = {417E08E6-D8AC-4B89-B097-93A3F76BB09F}
	EndGlobalSection
	GlobalSection(ExtensibilityGlobals) = postSolution
		SolutionGuid = {311DA37D-528B-43B2-A99B-E7253F841D46}
	EndGlobalSection
EndGlobal
